
Microsoft Visual Studio Solution File, Format Version 12.00
# Visual Studio 14
VisualStudioVersion = 14.0.25420.1
MinimumVisualStudioVersion = 10.0.40219.1
Project("{FAE04EC0-301F-11D3-BF4B-00C04F79EFBC}") = "EPPlus.Extensions", "EPPlus.Extensions\EPPlus.Extensions.csproj", "{03756BE7-6CC0-4D3E-80CF-3F7DB49BC77A}"
EndProject
Project("{FAE04EC0-301F-11D3-BF4B-00C04F79EFBC}") = "EPPlus.Extensions.Tests", "EPPlus.Extensions.Tests\EPPlus.Extensions.Tests.csproj", "{2CCC31A1-9647-43EC-8179-ACC7AB005FF2}"
EndProject
Global
	GlobalSection(SolutionConfigurationPlatforms) = preSolution
		Debug|Any CPU = Debug|Any CPU
		Release|Any CPU = Release|Any CPU
	EndGlobalSection
	GlobalSection(ProjectConfigurationPlatforms) = postSolution
		{03756BE7-6CC0-4D3E-80CF-3F7DB49BC77A}.Debug|Any CPU.ActiveCfg = Debug|Any CPU
		{03756BE7-6CC0-4D3E-80CF-3F7DB49BC77A}.Debug|Any CPU.Build.0 = Debug|Any CPU
		{03756BE7-6CC0-4D3E-80CF-3F7DB49BC77A}.Release|Any CPU.ActiveCfg = Release|Any CPU
		{03756BE7-6CC0-4D3E-80CF-3F7DB49BC77A}.Release|Any CPU.Build.0 = Release|Any CPU
		{2CCC31A1-9647-43EC-8179-ACC7AB005FF2}.Debug|Any CPU.ActiveCfg = Debug|Any CPU
		{2CCC31A1-9647-43EC-8179-ACC7AB005FF2}.Debug|Any CPU.Build.0 = Debug|Any CPU
		{2CCC31A1-9647-43EC-8179-ACC7AB005FF2}.Release|Any CPU.ActiveCfg = Release|Any CPU
		{2CCC31A1-9647-43EC-8179-ACC7AB005FF2}.Release|Any CPU.Build.0 = Release|Any CPU
	EndGlobalSection
	GlobalSection(SolutionProperties) = preSolution
		HideSolutionNode = FALSE
	EndGlobalSection
EndGlobal
